<?xml version="1.0" encoding="utf-8"?>
<Project ToolsVersion="4.0" xmlns="http://schemas.microsoft.com/developer/msbuild/2003">
  <ItemGroup>
    <ClCompile Include="lorenzMachine.cpp">
      <Filter>Source</Filter>
    </ClCompile>
    <ClCompile Include="main.cpp">
      <Filter>Source</Filter>
    </ClCompile>
    <ClCompile Include="stdafx.cpp">
      <Filter>Source</Filter>
    </ClCompile>
    <ClCompile Include="teleprinter.cpp">
      <Filter>Source</Filter>
    </ClCompile>
    <ClCompile Include="wheel.cpp">
      <Filter>Source</Filter>
    </ClCompile>
    <ClCompile Include="wheelGroup.cpp">
      <Filter>Source</Filter>
    </ClCompile>
  </ItemGroup>
  <ItemGroup>
    <ClInclude Include="lorenzMachine.h">
      <Filter>Header</Filter>
    </ClInclude>
    <ClInclude Include="stdafx.h">
      <Filter>Header</Filter>
    </ClInclude>
    <ClInclude Include="targetver.h">
      <Filter>Header</Filter>
    </ClInclude>
    <ClInclude Include="teleprinter.h">
      <Filter>Header</Filter>
    </ClInclude>
    <ClInclude Include="wheel.h">
      <Filter>Header</Filter>
    </ClInclude>
    <ClInclude Include="wheelGroup.h">
      <Filter>Header</Filter>
    </ClInclude>
  </ItemGroup>
  <ItemGroup>
    <Text Include="ReadMe.txt" />
  </ItemGroup>
  <ItemGroup>
    <Filter Include="Source">
      <UniqueIdentifier>{6377384f-e443-418a-a5e8-344095376eea}</UniqueIdentifier>
    </Filter>
    <Filter Include="Header">
      <UniqueIdentifier>{34bc010a-c9e2-4681-9004-42125e838fa9}</UniqueIdentifier>
    </Filter>
  </ItemGroup>
</Project>